
Microsoft Visual Studio Solution File, Format Version 12.00
Project("{FAE04EC0-301F-11D3-BF4B-00C04F79EFBC}") = "backend", "backend\backend.csproj", "{C46C8710-3F77-43F1-8C74-8C516AE2D067}"
EndProject
Global
	GlobalSection(SolutionConfigurationPlatforms) = preSolution
		Debug|Any CPU = Debug|Any CPU
		Release|Any CPU = Release|Any CPU
	EndGlobalSection
	GlobalSection(ProjectConfigurationPlatforms) = postSolution
		{C46C8710-3F77-43F1-8C74-8C516AE2D067}.Debug|Any CPU.ActiveCfg = Debug|Any CPU
		{C46C8710-3F77-43F1-8C74-8C516AE2D067}.Debug|Any CPU.Build.0 = Debug|Any CPU
		{C46C8710-3F77-43F1-8C74-8C516AE2D067}.Release|Any CPU.ActiveCfg = Release|Any CPU
		{C46C8710-3F77-43F1-8C74-8C516AE2D067}.Release|Any CPU.Build.0 = Release|Any CPU
	EndGlobalSection
EndGlobal
